
Microsoft Visual Studio Solution File, Format Version 12.00
# Visual Studio 15
VisualStudioVersion = 15.0.26727.1
MinimumVisualStudioVersion = 10.0.40219.1
Project("{9A19103F-16F7-4668-BE54-9A1E7A4F7556}") = "EntityFrameworkVerificationApp", "EntityFrameworkVerificationApp\EntityFrameworkVerificationApp.csproj", "{F82A12E2-1019-41BA-BC5D-E015892296A7}"
EndProject
Project("{9A19103F-16F7-4668-BE54-9A1E7A4F7556}") = "EntityFrameworkVerificationApp.Tests", "EntityFrameworkVerificationApp.Tests\EntityFrameworkVerificationApp.Tests.csproj", "{21DAA84C-C495-47BB-A83A-7155D1D72C98}"
EndProject
Global
	GlobalSection(SolutionConfigurationPlatforms) = preSolution
		Debug|Any CPU = Debug|Any CPU
		Release|Any CPU = Release|Any CPU
	EndGlobalSection
	GlobalSection(ProjectConfigurationPlatforms) = postSolution
		{F82A12E2-1019-41BA-BC5D-E015892296A7}.Debug|Any CPU.ActiveCfg = Debug|Any CPU
		{F82A12E2-1019-41BA-BC5D-E015892296A7}.Debug|Any CPU.Build.0 = Debug|Any CPU
		{F82A12E2-1019-41BA-BC5D-E015892296A7}.Release|Any CPU.ActiveCfg = Release|Any CPU
		{F82A12E2-1019-41BA-BC5D-E015892296A7}.Release|Any CPU.Build.0 = Release|Any CPU
		{21DAA84C-C495-47BB-A83A-7155D1D72C98}.Debug|Any CPU.ActiveCfg = Debug|Any CPU
		{21DAA84C-C495-47BB-A83A-7155D1D72C98}.Debug|Any CPU.Build.0 = Debug|Any CPU
		{21DAA84C-C495-47BB-A83A-7155D1D72C98}.Release|Any CPU.ActiveCfg = Release|Any CPU
		{21DAA84C-C495-47BB-A83A-7155D1D72C98}.Release|Any CPU.Build.0 = Release|Any CPU
	EndGlobalSection
	GlobalSection(SolutionProperties) = preSolution
		HideSolutionNode = FALSE
	EndGlobalSection
	GlobalSection(ExtensibilityGlobals) = postSolution
		SolutionGuid = {791D5F5C-D18A-491A-8848-4C1952156381}
	EndGlobalSection
EndGlobal
